// !$*UTF8*$!
{
	archiveVersion = 1;
	classes = {
	};
	objectVersion = 46;
	objects = {

/* Begin PBXBuildFile section */
		AE631990D2EF6D1DFD612AB0 /* Pods_Overwatch_Helper.framework in Frameworks */ = {isa = PBXBuildFile; fileRef = 3A538F23C2098C94A7B4ADE4 /* Pods_Overwatch_Helper.framework */; };
		BBA4B9F41E705AFC00B824D3 /* ThemeService.swift in Sources */ = {isa = PBXBuildFile; fileRef = BBA4B9F31E705AFC00B824D3 /* ThemeService.swift */; };
		BBE5EB271E73855F007A2146 /* HeroIntroData.plist in Resources */ = {isa = PBXBuildFile; fileRef = BBE5EB261E73855F007A2146 /* HeroIntroData.plist */; };
		C10C4F541E6C630300B0F67E /* AppDelegate.swift in Sources */ = {isa = PBXBuildFile; fileRef = C10C4F531E6C630300B0F67E /* AppDelegate.swift */; };
		C10C4F561E6C630300B0F67E /* HeroIntroController.swift in Sources */ = {isa = PBXBuildFile; fileRef = C10C4F551E6C630300B0F67E /* HeroIntroController.swift */; };
		C10C4F591E6C630300B0F67E /* Main.storyboard in Resources */ = {isa = PBXBuildFile; fileRef = C10C4F571E6C630300B0F67E /* Main.storyboard */; };
		C10C4F5B1E6C630300B0F67E /* Assets.xcassets in Resources */ = {isa = PBXBuildFile; fileRef = C10C4F5A1E6C630300B0F67E /* Assets.xcassets */; };
		C10C4F5E1E6C630300B0F67E /* LaunchScreen.storyboard in Resources */ = {isa = PBXBuildFile; fileRef = C10C4F5C1E6C630300B0F67E /* LaunchScreen.storyboard */; };
		C10C4F691E6C630300B0F67E /* Overwatch_HelperTests.swift in Sources */ = {isa = PBXBuildFile; fileRef = C10C4F681E6C630300B0F67E /* Overwatch_HelperTests.swift */; };
		C10C4F741E6C630300B0F67E /* Overwatch_HelperUITests.swift in Sources */ = {isa = PBXBuildFile; fileRef = C10C4F731E6C630300B0F67E /* Overwatch_HelperUITests.swift */; };
		C10C4F851E6C6FAB00B0F67E /* MapIntroController.swift in Sources */ = {isa = PBXBuildFile; fileRef = C10C4F841E6C6FAB00B0F67E /* MapIntroController.swift */; };
		C10C4F871E6C70AB00B0F67E /* MapDetailController.swift in Sources */ = {isa = PBXBuildFile; fileRef = C10C4F861E6C70AB00B0F67E /* MapDetailController.swift */; };
		C10C4F891E6C748E00B0F67E /* NewsDetailController.swift in Sources */ = {isa = PBXBuildFile; fileRef = C10C4F881E6C748E00B0F67E /* NewsDetailController.swift */; };
		C10C4F8B1E6C74EE00B0F67E /* PlayerStatController.swift in Sources */ = {isa = PBXBuildFile; fileRef = C10C4F8A1E6C74EE00B0F67E /* PlayerStatController.swift */; };
		C10C4F8D1E6C753000B0F67E /* DataAnalysisController.swift in Sources */ = {isa = PBXBuildFile; fileRef = C10C4F8C1E6C753000B0F67E /* DataAnalysisController.swift */; };
		C10C4F901E6C761400B0F67E /* HeroDetailController.swift in Sources */ = {isa = PBXBuildFile; fileRef = C10C4F8F1E6C761400B0F67E /* HeroDetailController.swift */; };
		C10C4F921E6C7A0500B0F67E /* NewsController.swift in Sources */ = {isa = PBXBuildFile; fileRef = C10C4F911E6C7A0500B0F67E /* NewsController.swift */; };
		C10C4F941E6C80C400B0F67E /* MapInfo.swift in Sources */ = {isa = PBXBuildFile; fileRef = C10C4F931E6C80C400B0F67E /* MapInfo.swift */; };
		C10C4F961E6C80EE00B0F67E /* HeroInfo.swift in Sources */ = {isa = PBXBuildFile; fileRef = C10C4F951E6C80EE00B0F67E /* HeroInfo.swift */; };
		C10C4F981E6C810000B0F67E /* PlayerData.swift in Sources */ = {isa = PBXBuildFile; fileRef = C10C4F971E6C810000B0F67E /* PlayerData.swift */; };
		C10C4F9A1E6C811A00B0F67E /* NewsDigest.swift in Sources */ = {isa = PBXBuildFile; fileRef = C10C4F991E6C811A00B0F67E /* NewsDigest.swift */; };
		C17A5D2B1E7212ED005A40C7 /* HeroRecommendationSurvey.swift in Sources */ = {isa = PBXBuildFile; fileRef = C17A5D2A1E7212ED005A40C7 /* HeroRecommendationSurvey.swift */; };
		C17A5D2D1E7212F9005A40C7 /* HeroList.swift in Sources */ = {isa = PBXBuildFile; fileRef = C17A5D2C1E7212F9005A40C7 /* HeroList.swift */; };
		C17A5D311E7304B5005A40C7 /* DrawRandomHero.swift in Sources */ = {isa = PBXBuildFile; fileRef = C17A5D301E7304B5005A40C7 /* DrawRandomHero.swift */; };
		C17A5D331E73113C005A40C7 /* LookingForGroup.swift in Sources */ = {isa = PBXBuildFile; fileRef = C17A5D321E73113C005A40C7 /* LookingForGroup.swift */; };
		C17A5D351E73146A005A40C7 /* LFGCell.swift in Sources */ = {isa = PBXBuildFile; fileRef = C17A5D341E73146A005A40C7 /* LFGCell.swift */; };
		C17A5D371E7341EE005A40C7 /* LFGMessage.swift in Sources */ = {isa = PBXBuildFile; fileRef = C17A5D361E7341EE005A40C7 /* LFGMessage.swift */; };
		C17A5D391E734DF0005A40C7 /* SplashScreenController.swift in Sources */ = {isa = PBXBuildFile; fileRef = C17A5D381E734DF0005A40C7 /* SplashScreenController.swift */; };
		C17A86B81E6D197000310B9A /* NetworkService.swift in Sources */ = {isa = PBXBuildFile; fileRef = C17A86B71E6D197000310B9A /* NetworkService.swift */; };
		C17CB6F81E71ECD50009E090 /* DiscoverController.swift in Sources */ = {isa = PBXBuildFile; fileRef = C17CB6F71E71ECD50009E090 /* DiscoverController.swift */; };
		C17CB6FA1E71FD6B0009E090 /* DiscoverFunctionController.swift in Sources */ = {isa = PBXBuildFile; fileRef = C17CB6F91E71FD6B0009E090 /* DiscoverFunctionController.swift */; };
		C1873CA81E709481008F6130 /* MapCell.swift in Sources */ = {isa = PBXBuildFile; fileRef = C1873CA71E709481008F6130 /* MapCell.swift */; };
		C1B2C97B1E748B72009AA7BF /* RecommendationQuestion.swift in Sources */ = {isa = PBXBuildFile; fileRef = C1B2C97A1E748B72009AA7BF /* RecommendationQuestion.swift */; };
		C1B2C97D1E749B5D009AA7BF /* Extensions.swift in Sources */ = {isa = PBXBuildFile; fileRef = C1B2C97C1E749B5D009AA7BF /* Extensions.swift */; };
		C1B2C97F1E74E707009AA7BF /* MapIntroData.plist in Resources */ = {isa = PBXBuildFile; fileRef = C1B2C97E1E74E707009AA7BF /* MapIntroData.plist */; };
		C33508E11E6DFB6000181A7C /* CareerViewController.swift in Sources */ = {isa = PBXBuildFile; fileRef = C33508E01E6DFB6000181A7C /* CareerViewController.swift */; };
		C33508E31E6DFBA400181A7C /* BaseTabBarController.swift in Sources */ = {isa = PBXBuildFile; fileRef = C33508E21E6DFBA400181A7C /* BaseTabBarController.swift */; };
		C33508E51E6DFEFB00181A7C /* NewsTableViewCell.swift in Sources */ = {isa = PBXBuildFile; fileRef = C33508E41E6DFEFB00181A7C /* NewsTableViewCell.swift */; };
		C33BB4DF1E6E17E80051E292 /* HeroCell.swift in Sources */ = {isa = PBXBuildFile; fileRef = C33BB4DE1E6E17E80051E292 /* HeroCell.swift */; };
		C376A5AE1E71C2E200764617 /* PlayerStatsCellProto.swift in Sources */ = {isa = PBXBuildFile; fileRef = C376A5AD1E71C2E200764617 /* PlayerStatsCellProto.swift */; };
		C3FC77611E71F35F0027484D /* PlayerStats.swift in Sources */ = {isa = PBXBuildFile; fileRef = C3FC77601E71F35F0027484D /* PlayerStats.swift */; };
/* End PBXBuildFile section */

/* Begin PBXContainerItemProxy section */
		C10C4F651E6C630300B0F67E /* PBXContainerItemProxy */ = {
			isa = PBXContainerItemProxy;
			containerPortal = C10C4F481E6C630300B0F67E /* Project object */;
			proxyType = 1;
			remoteGlobalIDString = C10C4F4F1E6C630300B0F67E;
			remoteInfo = "Overwatch Helper";
		};
		C10C4F701E6C630300B0F67E /* PBXContainerItemProxy */ = {
			isa = PBXContainerItemProxy;
			containerPortal = C10C4F481E6C630300B0F67E /* Project object */;
			proxyType = 1;
			remoteGlobalIDString = C10C4F4F1E6C630300B0F67E;
			remoteInfo = "Overwatch Helper";
		};
/* End PBXContainerItemProxy section */

/* Begin PBXFileReference section */
		3411396464F0FF27252F3BF2 /* Pods-Overwatch Helper.release.xcconfig */ = {isa = PBXFileReference; includeInIndex = 1; lastKnownFileType = text.xcconfig; name = "Pods-Overwatch Helper.release.xcconfig"; path = "Pods/Target Support Files/Pods-Overwatch Helper/Pods-Overwatch Helper.release.xcconfig"; sourceTree = "<group>"; };
		3A538F23C2098C94A7B4ADE4 /* Pods_Overwatch_Helper.framework */ = {isa = PBXFileReference; explicitFileType = wrapper.framework; includeInIndex = 0; path = Pods_Overwatch_Helper.framework; sourceTree = BUILT_PRODUCTS_DIR; };
		BBA4B9F31E705AFC00B824D3 /* ThemeService.swift */ = {isa = PBXFileReference; fileEncoding = 4; lastKnownFileType = sourcecode.swift; path = ThemeService.swift; sourceTree = "<group>"; };
		BBE5EB261E73855F007A2146 /* HeroIntroData.plist */ = {isa = PBXFileReference; fileEncoding = 4; lastKnownFileType = text.plist.xml; path = HeroIntroData.plist; sourceTree = "<group>"; };
		C015C09CE15FBA61064DB7E4 /* Pods-Overwatch Helper.debug.xcconfig */ = {isa = PBXFileReference; includeInIndex = 1; lastKnownFileType = text.xcconfig; name = "Pods-Overwatch Helper.debug.xcconfig"; path = "Pods/Target Support Files/Pods-Overwatch Helper/Pods-Overwatch Helper.debug.xcconfig"; sourceTree = "<group>"; };
		C10C4F501E6C630300B0F67E /* Overwatch Helper.app */ = {isa = PBXFileReference; explicitFileType = wrapper.application; includeInIndex = 0; path = "Overwatch Helper.app"; sourceTree = BUILT_PRODUCTS_DIR; };
		C10C4F531E6C630300B0F67E /* AppDelegate.swift */ = {isa = PBXFileReference; lastKnownFileType = sourcecode.swift; path = AppDelegate.swift; sourceTree = "<group>"; };
		C10C4F551E6C630300B0F67E /* HeroIntroController.swift */ = {isa = PBXFileReference; lastKnownFileType = sourcecode.swift; path = HeroIntroController.swift; sourceTree = "<group>"; };
		C10C4F581E6C630300B0F67E /* Base */ = {isa = PBXFileReference; lastKnownFileType = file.storyboard; name = Base; path = Base.lproj/Main.storyboard; sourceTree = "<group>"; };
		C10C4F5A1E6C630300B0F67E /* Assets.xcassets */ = {isa = PBXFileReference; lastKnownFileType = folder.assetcatalog; path = Assets.xcassets; sourceTree = "<group>"; };
		C10C4F5D1E6C630300B0F67E /* Base */ = {isa = PBXFileReference; lastKnownFileType = file.storyboard; name = Base; path = Base.lproj/LaunchScreen.storyboard; sourceTree = "<group>"; };
		C10C4F5F1E6C630300B0F67E /* Info.plist */ = {isa = PBXFileReference; lastKnownFileType = text.plist.xml; path = Info.plist; sourceTree = "<group>"; };
		C10C4F641E6C630300B0F67E /* Overwatch HelperTests.xctest */ = {isa = PBXFileReference; explicitFileType = wrapper.cfbundle; includeInIndex = 0; path = "Overwatch HelperTests.xctest"; sourceTree = BUILT_PRODUCTS_DIR; };
		C10C4F681E6C630300B0F67E /* Overwatch_HelperTests.swift */ = {isa = PBXFileReference; lastKnownFileType = sourcecode.swift; path = Overwatch_HelperTests.swift; sourceTree = "<group>"; };
		C10C4F6A1E6C630300B0F67E /* Info.plist */ = {isa = PBXFileReference; lastKnownFileType = text.plist.xml; path = Info.plist; sourceTree = "<group>"; };
		C10C4F6F1E6C630300B0F67E /* Overwatch HelperUITests.xctest */ = {isa = PBXFileReference; explicitFileType = wrapper.cfbundle; includeInIndex = 0; path = "Overwatch HelperUITests.xctest"; sourceTree = BUILT_PRODUCTS_DIR; };
		C10C4F731E6C630300B0F67E /* Overwatch_HelperUITests.swift */ = {isa = PBXFileReference; lastKnownFileType = sourcecode.swift; path = Overwatch_HelperUITests.swift; sourceTree = "<group>"; };
		C10C4F751E6C630300B0F67E /* Info.plist */ = {isa = PBXFileReference; lastKnownFileType = text.plist.xml; path = Info.plist; sourceTree = "<group>"; };
		C10C4F841E6C6FAB00B0F67E /* MapIntroController.swift */ = {isa = PBXFileReference; fileEncoding = 4; lastKnownFileType = sourcecode.swift; path = MapIntroController.swift; sourceTree = "<group>"; };
		C10C4F861E6C70AB00B0F67E /* MapDetailController.swift */ = {isa = PBXFileReference; fileEncoding = 4; lastKnownFileType = sourcecode.swift; path = MapDetailController.swift; sourceTree = "<group>"; };
		C10C4F881E6C748E00B0F67E /* NewsDetailController.swift */ = {isa = PBXFileReference; fileEncoding = 4; lastKnownFileType = sourcecode.swift; path = NewsDetailController.swift; sourceTree = "<group>"; };
		C10C4F8A1E6C74EE00B0F67E /* PlayerStatController.swift */ = {isa = PBXFileReference; fileEncoding = 4; lastKnownFileType = sourcecode.swift; path = PlayerStatController.swift; sourceTree = "<group>"; };
		C10C4F8C1E6C753000B0F67E /* DataAnalysisController.swift */ = {isa = PBXFileReference; fileEncoding = 4; lastKnownFileType = sourcecode.swift; path = DataAnalysisController.swift; sourceTree = "<group>"; };
		C10C4F8F1E6C761400B0F67E /* HeroDetailController.swift */ = {isa = PBXFileReference; fileEncoding = 4; lastKnownFileType = sourcecode.swift; path = HeroDetailController.swift; sourceTree = "<group>"; };
		C10C4F911E6C7A0500B0F67E /* NewsController.swift */ = {isa = PBXFileReference; fileEncoding = 4; lastKnownFileType = sourcecode.swift; path = NewsController.swift; sourceTree = "<group>"; };
		C10C4F931E6C80C400B0F67E /* MapInfo.swift */ = {isa = PBXFileReference; fileEncoding = 4; lastKnownFileType = sourcecode.swift; path = MapInfo.swift; sourceTree = "<group>"; };
		C10C4F951E6C80EE00B0F67E /* HeroInfo.swift */ = {isa = PBXFileReference; fileEncoding = 4; lastKnownFileType = sourcecode.swift; path = HeroInfo.swift; sourceTree = "<group>"; };
		C10C4F971E6C810000B0F67E /* PlayerData.swift */ = {isa = PBXFileReference; fileEncoding = 4; lastKnownFileType = sourcecode.swift; path = PlayerData.swift; sourceTree = "<group>"; };
		C10C4F991E6C811A00B0F67E /* NewsDigest.swift */ = {isa = PBXFileReference; fileEncoding = 4; lastKnownFileType = sourcecode.swift; path = NewsDigest.swift; sourceTree = "<group>"; };
		C17A5D2A1E7212ED005A40C7 /* HeroRecommendationSurvey.swift */ = {isa = PBXFileReference; fileEncoding = 4; lastKnownFileType = sourcecode.swift; path = HeroRecommendationSurvey.swift; sourceTree = "<group>"; };
		C17A5D2C1E7212F9005A40C7 /* HeroList.swift */ = {isa = PBXFileReference; fileEncoding = 4; lastKnownFileType = sourcecode.swift; path = HeroList.swift; sourceTree = "<group>"; };
		C17A5D301E7304B5005A40C7 /* DrawRandomHero.swift */ = {isa = PBXFileReference; fileEncoding = 4; lastKnownFileType = sourcecode.swift; path = DrawRandomHero.swift; sourceTree = "<group>"; };
		C17A5D321E73113C005A40C7 /* LookingForGroup.swift */ = {isa = PBXFileReference; fileEncoding = 4; lastKnownFileType = sourcecode.swift; path = LookingForGroup.swift; sourceTree = "<group>"; };
		C17A5D341E73146A005A40C7 /* LFGCell.swift */ = {isa = PBXFileReference; fileEncoding = 4; lastKnownFileType = sourcecode.swift; path = LFGCell.swift; sourceTree = "<group>"; };
		C17A5D361E7341EE005A40C7 /* LFGMessage.swift */ = {isa = PBXFileReference; fileEncoding = 4; lastKnownFileType = sourcecode.swift; path = LFGMessage.swift; sourceTree = "<group>"; };
		C17A5D381E734DF0005A40C7 /* SplashScreenController.swift */ = {isa = PBXFileReference; fileEncoding = 4; lastKnownFileType = sourcecode.swift; path = SplashScreenController.swift; sourceTree = "<group>"; };
		C17A86B71E6D197000310B9A /* NetworkService.swift */ = {isa = PBXFileReference; fileEncoding = 4; lastKnownFileType = sourcecode.swift; path = NetworkService.swift; sourceTree = "<group>"; };
		C17CB6F71E71ECD50009E090 /* DiscoverController.swift */ = {isa = PBXFileReference; fileEncoding = 4; lastKnownFileType = sourcecode.swift; path = DiscoverController.swift; sourceTree = "<group>"; };
		C17CB6F91E71FD6B0009E090 /* DiscoverFunctionController.swift */ = {isa = PBXFileReference; fileEncoding = 4; lastKnownFileType = sourcecode.swift; path = DiscoverFunctionController.swift; sourceTree = "<group>"; };
		C1873CA71E709481008F6130 /* MapCell.swift */ = {isa = PBXFileReference; fileEncoding = 4; lastKnownFileType = sourcecode.swift; path = MapCell.swift; sourceTree = "<group>"; };
		C1B2C97A1E748B72009AA7BF /* RecommendationQuestion.swift */ = {isa = PBXFileReference; fileEncoding = 4; lastKnownFileType = sourcecode.swift; path = RecommendationQuestion.swift; sourceTree = "<group>"; };
		C1B2C97C1E749B5D009AA7BF /* Extensions.swift */ = {isa = PBXFileReference; fileEncoding = 4; lastKnownFileType = sourcecode.swift; path = Extensions.swift; sourceTree = "<group>"; };
		C1B2C97E1E74E707009AA7BF /* MapIntroData.plist */ = {isa = PBXFileReference; fileEncoding = 4; lastKnownFileType = text.plist.xml; path = MapIntroData.plist; sourceTree = "<group>"; };
		C33508E01E6DFB6000181A7C /* CareerViewController.swift */ = {isa = PBXFileReference; fileEncoding = 4; lastKnownFileType = sourcecode.swift; path = CareerViewController.swift; sourceTree = "<group>"; };
		C33508E21E6DFBA400181A7C /* BaseTabBarController.swift */ = {isa = PBXFileReference; fileEncoding = 4; lastKnownFileType = sourcecode.swift; path = BaseTabBarController.swift; sourceTree = "<group>"; };
		C33508E41E6DFEFB00181A7C /* NewsTableViewCell.swift */ = {isa = PBXFileReference; fileEncoding = 4; lastKnownFileType = sourcecode.swift; path = NewsTableViewCell.swift; sourceTree = "<group>"; };
		C33BB4DE1E6E17E80051E292 /* HeroCell.swift */ = {isa = PBXFileReference; fileEncoding = 4; lastKnownFileType = sourcecode.swift; path = HeroCell.swift; sourceTree = "<group>"; };
		C376A5AD1E71C2E200764617 /* PlayerStatsCellProto.swift */ = {isa = PBXFileReference; fileEncoding = 4; lastKnownFileType = sourcecode.swift; path = PlayerStatsCellProto.swift; sourceTree = "<group>"; };
		C3FC77601E71F35F0027484D /* PlayerStats.swift */ = {isa = PBXFileReference; fileEncoding = 4; lastKnownFileType = sourcecode.swift; path = PlayerStats.swift; sourceTree = "<group>"; };
/* End PBXFileReference section */

/* Begin PBXFrameworksBuildPhase section */
		C10C4F4D1E6C630300B0F67E /* Frameworks */ = {
			isa = PBXFrameworksBuildPhase;
			buildActionMask = 2147483647;
			files = (
				AE631990D2EF6D1DFD612AB0 /* Pods_Overwatch_Helper.framework in Frameworks */,
			);
			runOnlyForDeploymentPostprocessing = 0;
		};
		C10C4F611E6C630300B0F67E /* Frameworks */ = {
			isa = PBXFrameworksBuildPhase;
			buildActionMask = 2147483647;
			files = (
			);
			runOnlyForDeploymentPostprocessing = 0;
		};
		C10C4F6C1E6C630300B0F67E /* Frameworks */ = {
			isa = PBXFrameworksBuildPhase;
			buildActionMask = 2147483647;
			files = (
			);
			runOnlyForDeploymentPostprocessing = 0;
		};
/* End PBXFrameworksBuildPhase section */

/* Begin PBXGroup section */
		C10C4F471E6C630300B0F67E = {
			isa = PBXGroup;
			children = (
				C10C4F521E6C630300B0F67E /* Overwatch Helper */,
				C10C4F671E6C630300B0F67E /* Overwatch HelperTests */,
				C10C4F721E6C630300B0F67E /* Overwatch HelperUITests */,
				C10C4F511E6C630300B0F67E /* Products */,
				D7A51FDE3F330F86667E7855 /* Pods */,
				D6367844EF138859D5098598 /* Frameworks */,
			);
			sourceTree = "<group>";
		};
		C10C4F511E6C630300B0F67E /* Products */ = {
			isa = PBXGroup;
			children = (
				C10C4F501E6C630300B0F67E /* Overwatch Helper.app */,
				C10C4F641E6C630300B0F67E /* Overwatch HelperTests.xctest */,
				C10C4F6F1E6C630300B0F67E /* Overwatch HelperUITests.xctest */,
			);
			name = Products;
			sourceTree = "<group>";
		};
		C10C4F521E6C630300B0F67E /* Overwatch Helper */ = {
			isa = PBXGroup;
			children = (
				C10C4F9B1E6C83BE00B0F67E /* Service */,
				C10C4F831E6C6F3500B0F67E /* model */,
				C10C4F821E6C6F3100B0F67E /* view */,
				C10C4F811E6C6F2700B0F67E /* controller */,
				C10C4F531E6C630300B0F67E /* AppDelegate.swift */,
				C10C4F571E6C630300B0F67E /* Main.storyboard */,
				C10C4F5A1E6C630300B0F67E /* Assets.xcassets */,
				C10C4F5C1E6C630300B0F67E /* LaunchScreen.storyboard */,
				C1B2C97E1E74E707009AA7BF /* MapIntroData.plist */,
				C10C4F5F1E6C630300B0F67E /* Info.plist */,
				BBE5EB261E73855F007A2146 /* HeroIntroData.plist */,
			);
			path = "Overwatch Helper";
			sourceTree = "<group>";
		};
		C10C4F671E6C630300B0F67E /* Overwatch HelperTests */ = {
			isa = PBXGroup;
			children = (
				C10C4F681E6C630300B0F67E /* Overwatch_HelperTests.swift */,
				C10C4F6A1E6C630300B0F67E /* Info.plist */,
			);
			path = "Overwatch HelperTests";
			sourceTree = "<group>";
		};
		C10C4F721E6C630300B0F67E /* Overwatch HelperUITests */ = {
			isa = PBXGroup;
			children = (
				C10C4F731E6C630300B0F67E /* Overwatch_HelperUITests.swift */,
				C10C4F751E6C630300B0F67E /* Info.plist */,
			);
			path = "Overwatch HelperUITests";
			sourceTree = "<group>";
		};
		C10C4F811E6C6F2700B0F67E /* controller */ = {
			isa = PBXGroup;
			children = (
				C33508E21E6DFBA400181A7C /* BaseTabBarController.swift */,
				C10C4F551E6C630300B0F67E /* HeroIntroController.swift */,
				C10C4F8F1E6C761400B0F67E /* HeroDetailController.swift */,
				C10C4F841E6C6FAB00B0F67E /* MapIntroController.swift */,
				C10C4F861E6C70AB00B0F67E /* MapDetailController.swift */,
				C10C4F881E6C748E00B0F67E /* NewsDetailController.swift */,
				C10C4F911E6C7A0500B0F67E /* NewsController.swift */,
				C33508E01E6DFB6000181A7C /* CareerViewController.swift */,
				C10C4F8A1E6C74EE00B0F67E /* PlayerStatController.swift */,
				C10C4F8C1E6C753000B0F67E /* DataAnalysisController.swift */,
				C17CB6F71E71ECD50009E090 /* DiscoverController.swift */,
				C17CB6F91E71FD6B0009E090 /* DiscoverFunctionController.swift */,
				C17A5D381E734DF0005A40C7 /* SplashScreenController.swift */,
			);
			name = controller;
			sourceTree = "<group>";
		};
		C10C4F821E6C6F3100B0F67E /* view */ = {
			isa = PBXGroup;
			children = (
				C17A5D341E73146A005A40C7 /* LFGCell.swift */,
				C17A5D301E7304B5005A40C7 /* DrawRandomHero.swift */,
				C17A5D2A1E7212ED005A40C7 /* HeroRecommendationSurvey.swift */,
				C1873CA71E709481008F6130 /* MapCell.swift */,
				C376A5AD1E71C2E200764617 /* PlayerStatsCellProto.swift */,
				C17A5D321E73113C005A40C7 /* LookingForGroup.swift */,
			);
			name = view;
			sourceTree = "<group>";
		};
		C10C4F831E6C6F3500B0F67E /* model */ = {
			isa = PBXGroup;
			children = (
				C10C4F931E6C80C400B0F67E /* MapInfo.swift */,
				C10C4F951E6C80EE00B0F67E /* HeroInfo.swift */,
				C10C4F971E6C810000B0F67E /* PlayerData.swift */,
				C10C4F991E6C811A00B0F67E /* NewsDigest.swift */,
				C33508E41E6DFEFB00181A7C /* NewsTableViewCell.swift */,
				C33BB4DE1E6E17E80051E292 /* HeroCell.swift */,
				C17A5D2C1E7212F9005A40C7 /* HeroList.swift */,
				C3FC77601E71F35F0027484D /* PlayerStats.swift */,
				C17A5D361E7341EE005A40C7 /* LFGMessage.swift */,
				C1B2C97A1E748B72009AA7BF /* RecommendationQuestion.swift */,
			);
			name = model;
			sourceTree = "<group>";
		};
		C10C4F9B1E6C83BE00B0F67E /* Service */ = {
			isa = PBXGroup;
			children = (
				C17A86B71E6D197000310B9A /* NetworkService.swift */,
				BBA4B9F31E705AFC00B824D3 /* ThemeService.swift */,
				C1B2C97C1E749B5D009AA7BF /* Extensions.swift */,
			);
			name = Service;
			sourceTree = "<group>";
		};
		D6367844EF138859D5098598 /* Frameworks */ = {
			isa = PBXGroup;
			children = (
				3A538F23C2098C94A7B4ADE4 /* Pods_Overwatch_Helper.framework */,
			);
			name = Frameworks;
			sourceTree = "<group>";
		};
		D7A51FDE3F330F86667E7855 /* Pods */ = {
			isa = PBXGroup;
			children = (
				C015C09CE15FBA61064DB7E4 /* Pods-Overwatch Helper.debug.xcconfig */,
				3411396464F0FF27252F3BF2 /* Pods-Overwatch Helper.release.xcconfig */,
			);
			name = Pods;
			sourceTree = "<group>";
		};
/* End PBXGroup section */

/* Begin PBXNativeTarget section */
		C10C4F4F1E6C630300B0F67E /* Overwatch Helper */ = {
			isa = PBXNativeTarget;
			buildConfigurationList = C10C4F781E6C630300B0F67E /* Build configuration list for PBXNativeTarget "Overwatch Helper" */;
			buildPhases = (
				D104E3B227B49863CAAC70F5 /* [CP] Check Pods Manifest.lock */,
				C10C4F4C1E6C630300B0F67E /* Sources */,
				C10C4F4D1E6C630300B0F67E /* Frameworks */,
				C10C4F4E1E6C630300B0F67E /* Resources */,
				777667BD1B3DAFD7C0EF5C68 /* [CP] Embed Pods Frameworks */,
				F837520A10350A17EF7238C4 /* [CP] Copy Pods Resources */,
			);
			buildRules = (
			);
			dependencies = (
			);
			name = "Overwatch Helper";
			productName = "Overwatch Helper";
			productReference = C10C4F501E6C630300B0F67E /* Overwatch Helper.app */;
			productType = "com.apple.product-type.application";
		};
		C10C4F631E6C630300B0F67E /* Overwatch HelperTests */ = {
			isa = PBXNativeTarget;
			buildConfigurationList = C10C4F7B1E6C630300B0F67E /* Build configuration list for PBXNativeTarget "Overwatch HelperTests" */;
			buildPhases = (
				C10C4F601E6C630300B0F67E /* Sources */,
				C10C4F611E6C630300B0F67E /* Frameworks */,
				C10C4F621E6C630300B0F67E /* Resources */,
			);
			buildRules = (
			);
			dependencies = (
				C10C4F661E6C630300B0F67E /* PBXTargetDependency */,
			);
			name = "Overwatch HelperTests";
			productName = "Overwatch HelperTests";
			productReference = C10C4F641E6C630300B0F67E /* Overwatch HelperTests.xctest */;
			productType = "com.apple.product-type.bundle.unit-test";
		};
		C10C4F6E1E6C630300B0F67E /* Overwatch HelperUITests */ = {
			isa = PBXNativeTarget;
			buildConfigurationList = C10C4F7E1E6C630300B0F67E /* Build configuration list for PBXNativeTarget "Overwatch HelperUITests" */;
			buildPhases = (
				C10C4F6B1E6C630300B0F67E /* Sources */,
				C10C4F6C1E6C630300B0F67E /* Frameworks */,
				C10C4F6D1E6C630300B0F67E /* Resources */,
			);
			buildRules = (
			);
			dependencies = (
				C10C4F711E6C630300B0F67E /* PBXTargetDependency */,
			);
			name = "Overwatch HelperUITests";
			productName = "Overwatch HelperUITests";
			productReference = C10C4F6F1E6C630300B0F67E /* Overwatch HelperUITests.xctest */;
			productType = "com.apple.product-type.bundle.ui-testing";
		};
/* End PBXNativeTarget section */

/* Begin PBXProject section */
		C10C4F481E6C630300B0F67E /* Project object */ = {
			isa = PBXProject;
			attributes = {
				LastSwiftUpdateCheck = 0820;
				LastUpgradeCheck = 0820;
				ORGANIZATIONNAME = "Alex&Ben";
				TargetAttributes = {
					C10C4F4F1E6C630300B0F67E = {
						CreatedOnToolsVersion = 8.2.1;
						ProvisioningStyle = Manual;
					};
					C10C4F631E6C630300B0F67E = {
						CreatedOnToolsVersion = 8.2.1;
						DevelopmentTeam = 96U7R8R2Z2;
						ProvisioningStyle = Automatic;
						TestTargetID = C10C4F4F1E6C630300B0F67E;
					};
					C10C4F6E1E6C630300B0F67E = {
						CreatedOnToolsVersion = 8.2.1;
						DevelopmentTeam = 96U7R8R2Z2;
						ProvisioningStyle = Automatic;
						TestTargetID = C10C4F4F1E6C630300B0F67E;
					};
				};
			};
			buildConfigurationList = C10C4F4B1E6C630300B0F67E /* Build configuration list for PBXProject "Overwatch Helper" */;
			compatibilityVersion = "Xcode 3.2";
			developmentRegion = English;
			hasScannedForEncodings = 0;
			knownRegions = (
				en,
				Base,
			);
			mainGroup = C10C4F471E6C630300B0F67E;
			productRefGroup = C10C4F511E6C630300B0F67E /* Products */;
			projectDirPath = "";
			projectRoot = "";
			targets = (
				C10C4F4F1E6C630300B0F67E /* Overwatch Helper */,
				C10C4F631E6C630300B0F67E /* Overwatch HelperTests */,
				C10C4F6E1E6C630300B0F67E /* Overwatch HelperUITests */,
			);
		};
/* End PBXProject section */

/* Begin PBXResourcesBuildPhase section */
		C10C4F4E1E6C630300B0F67E /* Resources */ = {
			isa = PBXResourcesBuildPhase;
			buildActionMask = 2147483647;
			files = (
				C10C4F5E1E6C630300B0F67E /* LaunchScreen.storyboard in Resources */,
				C1B2C97F1E74E707009AA7BF /* MapIntroData.plist in Resources */,
				BBE5EB271E73855F007A2146 /* HeroIntroData.plist in Resources */,
				C10C4F5B1E6C630300B0F67E /* Assets.xcassets in Resources */,
				C10C4F591E6C630300B0F67E /* Main.storyboard in Resources */,
			);
			runOnlyForDeploymentPostprocessing = 0;
		};
		C10C4F621E6C630300B0F67E /* Resources */ = {
			isa = PBXResourcesBuildPhase;
			buildActionMask = 2147483647;
			files = (
			);
			runOnlyForDeploymentPostprocessing = 0;
		};
		C10C4F6D1E6C630300B0F67E /* Resources */ = {
			isa = PBXResourcesBuildPhase;
			buildActionMask = 2147483647;
			files = (
			);
			runOnlyForDeploymentPostprocessing = 0;
		};
/* End PBXResourcesBuildPhase section */

/* Begin PBXShellScriptBuildPhase section */
		777667BD1B3DAFD7C0EF5C68 /* [CP] Embed Pods Frameworks */ = {
			isa = PBXShellScriptBuildPhase;
			buildActionMask = 2147483647;
			files = (
			);
			inputPaths = (
			);
			name = "[CP] Embed Pods Frameworks";
			outputPaths = (
			);
			runOnlyForDeploymentPostprocessing = 0;
			shellPath = /bin/sh;
			shellScript = "\"${SRCROOT}/Pods/Target Support Files/Pods-Overwatch Helper/Pods-Overwatch Helper-frameworks.sh\"\n";
			showEnvVarsInLog = 0;
		};
		D104E3B227B49863CAAC70F5 /* [CP] Check Pods Manifest.lock */ = {
			isa = PBXShellScriptBuildPhase;
			buildActionMask = 2147483647;
			files = (
			);
			inputPaths = (
			);
			name = "[CP] Check Pods Manifest.lock";
			outputPaths = (
			);
			runOnlyForDeploymentPostprocessing = 0;
			shellPath = /bin/sh;
			shellScript = "diff \"${PODS_ROOT}/../Podfile.lock\" \"${PODS_ROOT}/Manifest.lock\" > /dev/null\nif [ $? != 0 ] ; then\n    # print error to STDERR\n    echo \"error: The sandbox is not in sync with the Podfile.lock. Run 'pod install' or update your CocoaPods installation.\" >&2\n    exit 1\nfi\n";
			showEnvVarsInLog = 0;
		};
		F837520A10350A17EF7238C4 /* [CP] Copy Pods Resources */ = {
			isa = PBXShellScriptBuildPhase;
			buildActionMask = 2147483647;
			files = (
			);
			inputPaths = (
			);
			name = "[CP] Copy Pods Resources";
			outputPaths = (
			);
			runOnlyForDeploymentPostprocessing = 0;
			shellPath = /bin/sh;
			shellScript = "\"${SRCROOT}/Pods/Target Support Files/Pods-Overwatch Helper/Pods-Overwatch Helper-resources.sh\"\n";
			showEnvVarsInLog = 0;
		};
/* End PBXShellScriptBuildPhase section */

/* Begin PBXSourcesBuildPhase section */
		C10C4F4C1E6C630300B0F67E /* Sources */ = {
			isa = PBXSourcesBuildPhase;
			buildActionMask = 2147483647;
			files = (
				C33508E31E6DFBA400181A7C /* BaseTabBarController.swift in Sources */,
				C33BB4DF1E6E17E80051E292 /* HeroCell.swift in Sources */,
				C17A5D311E7304B5005A40C7 /* DrawRandomHero.swift in Sources */,
				C10C4F9A1E6C811A00B0F67E /* NewsDigest.swift in Sources */,
				C10C4F561E6C630300B0F67E /* HeroIntroController.swift in Sources */,
				C17A5D351E73146A005A40C7 /* LFGCell.swift in Sources */,
				C17A5D391E734DF0005A40C7 /* SplashScreenController.swift in Sources */,
				C10C4F891E6C748E00B0F67E /* NewsDetailController.swift in Sources */,
				C10C4F961E6C80EE00B0F67E /* HeroInfo.swift in Sources */,
				C17A5D2B1E7212ED005A40C7 /* HeroRecommendationSurvey.swift in Sources */,
				C10C4F901E6C761400B0F67E /* HeroDetailController.swift in Sources */,
				C10C4F871E6C70AB00B0F67E /* MapDetailController.swift in Sources */,
				C17CB6FA1E71FD6B0009E090 /* DiscoverFunctionController.swift in Sources */,
				C17A86B81E6D197000310B9A /* NetworkService.swift in Sources */,
				C3FC77611E71F35F0027484D /* PlayerStats.swift in Sources */,
				C33508E11E6DFB6000181A7C /* CareerViewController.swift in Sources */,
				C10C4F941E6C80C400B0F67E /* MapInfo.swift in Sources */,
				C10C4F981E6C810000B0F67E /* PlayerData.swift in Sources */,
				C10C4F541E6C630300B0F67E /* AppDelegate.swift in Sources */,
				C10C4F8B1E6C74EE00B0F67E /* PlayerStatController.swift in Sources */,
				C376A5AE1E71C2E200764617 /* PlayerStatsCellProto.swift in Sources */,
				C17A5D331E73113C005A40C7 /* LookingForGroup.swift in Sources */,
				C1873CA81E709481008F6130 /* MapCell.swift in Sources */,
				C17A5D371E7341EE005A40C7 /* LFGMessage.swift in Sources */,
				C17CB6F81E71ECD50009E090 /* DiscoverController.swift in Sources */,
				C1B2C97B1E748B72009AA7BF /* RecommendationQuestion.swift in Sources */,
				C10C4F921E6C7A0500B0F67E /* NewsController.swift in Sources */,
				C33508E51E6DFEFB00181A7C /* NewsTableViewCell.swift in Sources */,
				C17A5D2D1E7212F9005A40C7 /* HeroList.swift in Sources */,
				BBA4B9F41E705AFC00B824D3 /* ThemeService.swift in Sources */,
				C1B2C97D1E749B5D009AA7BF /* Extensions.swift in Sources */,
				C10C4F8D1E6C753000B0F67E /* DataAnalysisController.swift in Sources */,
				C10C4F851E6C6FAB00B0F67E /* MapIntroController.swift in Sources */,
			);
			runOnlyForDeploymentPostprocessing = 0;
		};
		C10C4F601E6C630300B0F67E /* Sources */ = {
			isa = PBXSourcesBuildPhase;
			buildActionMask = 2147483647;
			files = (
				C10C4F691E6C630300B0F67E /* Overwatch_HelperTests.swift in Sources */,
			);
			runOnlyForDeploymentPostprocessing = 0;
		};
		C10C4F6B1E6C630300B0F67E /* Sources */ = {
			isa = PBXSourcesBuildPhase;
			buildActionMask = 2147483647;
			files = (
				C10C4F741E6C630300B0F67E /* Overwatch_HelperUITests.swift in Sources */,
			);
			runOnlyForDeploymentPostprocessing = 0;
		};
/* End PBXSourcesBuildPhase section */

/* Begin PBXTargetDependency section */
		C10C4F661E6C630300B0F67E /* PBXTargetDependency */ = {
			isa = PBXTargetDependency;
			target = C10C4F4F1E6C630300B0F67E /* Overwatch Helper */;
			targetProxy = C10C4F651E6C630300B0F67E /* PBXContainerItemProxy */;
		};
		C10C4F711E6C630300B0F67E /* PBXTargetDependency */ = {
			isa = PBXTargetDependency;
			target = C10C4F4F1E6C630300B0F67E /* Overwatch Helper */;
			targetProxy = C10C4F701E6C630300B0F67E /* PBXContainerItemProxy */;
		};
/* End PBXTargetDependency section */

/* Begin PBXVariantGroup section */
		C10C4F571E6C630300B0F67E /* Main.storyboard */ = {
			isa = PBXVariantGroup;
			children = (
				C10C4F581E6C630300B0F67E /* Base */,
			);
			name = Main.storyboard;
			sourceTree = "<group>";
		};
		C10C4F5C1E6C630300B0F67E /* LaunchScreen.storyboard */ = {
			isa = PBXVariantGroup;
			children = (
				C10C4F5D1E6C630300B0F67E /* Base */,
			);
			name = LaunchScreen.storyboard;
			sourceTree = "<group>";
		};
/* End PBXVariantGroup section */

/* Begin XCBuildConfiguration section */
		C10C4F761E6C630300B0F67E /* Debug */ = {
			isa = XCBuildConfiguration;
			buildSettings = {
				ALWAYS_SEARCH_USER_PATHS = NO;
				CLANG_ANALYZER_NONNULL = YES;
				CLANG_CXX_LANGUAGE_STANDARD = "gnu++0x";
				CLANG_CXX_LIBRARY = "libc++";
				CLANG_ENABLE_MODULES = YES;
				CLANG_ENABLE_OBJC_ARC = YES;
				CLANG_WARN_BOOL_CONVERSION = YES;
				CLANG_WARN_CONSTANT_CONVERSION = YES;
				CLANG_WARN_DIRECT_OBJC_ISA_USAGE = YES_ERROR;
				CLANG_WARN_DOCUMENTATION_COMMENTS = YES;
				CLANG_WARN_EMPTY_BODY = YES;
				CLANG_WARN_ENUM_CONVERSION = YES;
				CLANG_WARN_INFINITE_RECURSION = YES;
				CLANG_WARN_INT_CONVERSION = YES;
				CLANG_WARN_OBJC_ROOT_CLASS = YES_ERROR;
				CLANG_WARN_SUSPICIOUS_MOVE = YES;
				CLANG_WARN_UNREACHABLE_CODE = YES;
				CLANG_WARN__DUPLICATE_METHOD_MATCH = YES;
				"CODE_SIGN_IDENTITY[sdk=iphoneos*]" = "iPhone Developer";
				COPY_PHASE_STRIP = NO;
				DEBUG_INFORMATION_FORMAT = dwarf;
				ENABLE_STRICT_OBJC_MSGSEND = YES;
				ENABLE_TESTABILITY = YES;
				GCC_C_LANGUAGE_STANDARD = gnu99;
				GCC_DYNAMIC_NO_PIC = NO;
				GCC_NO_COMMON_BLOCKS = YES;
				GCC_OPTIMIZATION_LEVEL = 0;
				GCC_PREPROCESSOR_DEFINITIONS = (
					"DEBUG=1",
					"$(inherited)",
				);
				GCC_WARN_64_TO_32_BIT_CONVERSION = YES;
				GCC_WARN_ABOUT_RETURN_TYPE = YES_ERROR;
				GCC_WARN_UNDECLARED_SELECTOR = YES;
				GCC_WARN_UNINITIALIZED_AUTOS = YES_AGGRESSIVE;
				GCC_WARN_UNUSED_FUNCTION = YES;
				GCC_WARN_UNUSED_VARIABLE = YES;
				IPHONEOS_DEPLOYMENT_TARGET = 10.2;
				MTL_ENABLE_DEBUG_INFO = YES;
				ONLY_ACTIVE_ARCH = YES;
				SDKROOT = iphoneos;
				SWIFT_ACTIVE_COMPILATION_CONDITIONS = DEBUG;
				SWIFT_OPTIMIZATION_LEVEL = "-Onone";
				TARGETED_DEVICE_FAMILY = "1,2";
			};
			name = Debug;
		};
		C10C4F771E6C630300B0F67E /* Release */ = {
			isa = XCBuildConfiguration;
			buildSettings = {
				ALWAYS_SEARCH_USER_PATHS = NO;
				CLANG_ANALYZER_NONNULL = YES;
				CLANG_CXX_LANGUAGE_STANDARD = "gnu++0x";
				CLANG_CXX_LIBRARY = "libc++";
				CLANG_ENABLE_MODULES = YES;
				CLANG_ENABLE_OBJC_ARC = YES;
				CLANG_WARN_BOOL_CONVERSION = YES;
				CLANG_WARN_CONSTANT_CONVERSION = YES;
				CLANG_WARN_DIRECT_OBJC_ISA_USAGE = YES_ERROR;
				CLANG_WARN_DOCUMENTATION_COMMENTS = YES;
				CLANG_WARN_EMPTY_BODY = YES;
				CLANG_WARN_ENUM_CONVERSION = YES;
				CLANG_WARN_INFINITE_RECURSION = YES;
				CLANG_WARN_INT_CONVERSION = YES;
				CLANG_WARN_OBJC_ROOT_CLASS = YES_ERROR;
				CLANG_WARN_SUSPICIOUS_MOVE = YES;
				CLANG_WARN_UNREACHABLE_CODE = YES;
				CLANG_WARN__DUPLICATE_METHOD_MATCH = YES;
				"CODE_SIGN_IDENTITY[sdk=iphoneos*]" = "iPhone Developer";
				COPY_PHASE_STRIP = NO;
				DEBUG_INFORMATION_FORMAT = "dwarf-with-dsym";
				ENABLE_NS_ASSERTIONS = NO;
				ENABLE_STRICT_OBJC_MSGSEND = YES;
				GCC_C_LANGUAGE_STANDARD = gnu99;
				GCC_NO_COMMON_BLOCKS = YES;
				GCC_WARN_64_TO_32_BIT_CONVERSION = YES;
				GCC_WARN_ABOUT_RETURN_TYPE = YES_ERROR;
				GCC_WARN_UNDECLARED_SELECTOR = YES;
				GCC_WARN_UNINITIALIZED_AUTOS = YES_AGGRESSIVE;
				GCC_WARN_UNUSED_FUNCTION = YES;
				GCC_WARN_UNUSED_VARIABLE = YES;
				IPHONEOS_DEPLOYMENT_TARGET = 10.2;
				MTL_ENABLE_DEBUG_INFO = NO;
				SDKROOT = iphoneos;
				SWIFT_OPTIMIZATION_LEVEL = "-Owholemodule";
				TARGETED_DEVICE_FAMILY = "1,2";
				VALIDATE_PRODUCT = YES;
			};
			name = Release;
		};
		C10C4F791E6C630300B0F67E /* Debug */ = {
			isa = XCBuildConfiguration;
			baseConfigurationReference = C015C09CE15FBA61064DB7E4 /* Pods-Overwatch Helper.debug.xcconfig */;
			buildSettings = {
				ASSETCATALOG_COMPILER_APPICON_NAME = AppIcon;
				DEVELOPMENT_TEAM = "";
				INFOPLIST_FILE = "Overwatch Helper/Info.plist";
				LD_RUNPATH_SEARCH_PATHS = "$(inherited) @executable_path/Frameworks";
				PRODUCT_BUNDLE_IDENTIFIER = "com.example.Overwatch-Helper";
				PRODUCT_NAME = "$(TARGET_NAME)";
				SWIFT_VERSION = 3.0;
			};
			name = Debug;
		};
		C10C4F7A1E6C630300B0F67E /* Release */ = {
			isa = XCBuildConfiguration;
			baseConfigurationReference = 3411396464F0FF27252F3BF2 /* Pods-Overwatch Helper.release.xcconfig */;
			buildSettings = {
				ASSETCATALOG_COMPILER_APPICON_NAME = AppIcon;
				DEVELOPMENT_TEAM = "";
				INFOPLIST_FILE = "Overwatch Helper/Info.plist";
				LD_RUNPATH_SEARCH_PATHS = "$(inherited) @executable_path/Frameworks";
				PRODUCT_BUNDLE_IDENTIFIER = "com.example.Overwatch-Helper";
				PRODUCT_NAME = "$(TARGET_NAME)";
				SWIFT_VERSION = 3.0;
			};
			name = Release;
		};
		C10C4F7C1E6C630300B0F67E /* Debug */ = {
			isa = XCBuildConfiguration;
			buildSettings = {
				ALWAYS_EMBED_SWIFT_STANDARD_LIBRARIES = YES;
				BUNDLE_LOADER = "$(TEST_HOST)";
				DEVELOPMENT_TEAM = 96U7R8R2Z2;
				INFOPLIST_FILE = "Overwatch HelperTests/Info.plist";
				LD_RUNPATH_SEARCH_PATHS = "$(inherited) @executable_path/Frameworks @loader_path/Frameworks";
				PRODUCT_BUNDLE_IDENTIFIER = "com.example.Overwatch-HelperTests";
				PRODUCT_NAME = "$(TARGET_NAME)";
				SWIFT_VERSION = 3.0;
				TEST_HOST = "$(BUILT_PRODUCTS_DIR)/Overwatch Helper.app/Overwatch Helper";
			};
			name = Debug;
		};
		C10C4F7D1E6C630300B0F67E /* Release */ = {
			isa = XCBuildConfiguration;
			buildSettings = {
				ALWAYS_EMBED_SWIFT_STANDARD_LIBRARIES = YES;
				BUNDLE_LOADER = "$(TEST_HOST)";
				DEVELOPMENT_TEAM = 96U7R8R2Z2;
				INFOPLIST_FILE = "Overwatch HelperTests/Info.plist";
				LD_RUNPATH_SEARCH_PATHS = "$(inherited) @executable_path/Frameworks @loader_path/Frameworks";
				PRODUCT_BUNDLE_IDENTIFIER = "com.example.Overwatch-HelperTests";
				PRODUCT_NAME = "$(TARGET_NAME)";
				SWIFT_VERSION = 3.0;
				TEST_HOST = "$(BUILT_PRODUCTS_DIR)/Overwatch Helper.app/Overwatch Helper";
			};
			name = Release;
		};
		C10C4F7F1E6C630300B0F67E /* Debug */ = {
			isa = XCBuildConfiguration;
			buildSettings = {
				ALWAYS_EMBED_SWIFT_STANDARD_LIBRARIES = YES;
				DEVELOPMENT_TEAM = 96U7R8R2Z2;
				INFOPLIST_FILE = "Overwatch HelperUITests/Info.plist";
				LD_RUNPATH_SEARCH_PATHS = "$(inherited) @executable_path/Frameworks @loader_path/Frameworks";
				PRODUCT_BUNDLE_IDENTIFIER = "com.example.Overwatch-HelperUITests";
				PRODUCT_NAME = "$(TARGET_NAME)";
				SWIFT_VERSION = 3.0;
				TEST_TARGET_NAME = "Overwatch Helper";
			};
			name = Debug;
		};
		C10C4F801E6C630300B0F67E /* Release */ = {
			isa = XCBuildConfiguration;
			buildSettings = {
				ALWAYS_EMBED_SWIFT_STANDARD_LIBRARIES = YES;
				DEVELOPMENT_TEAM = 96U7R8R2Z2;
				INFOPLIST_FILE = "Overwatch HelperUITests/Info.plist";
				LD_RUNPATH_SEARCH_PATHS = "$(inherited) @executable_path/Frameworks @loader_path/Frameworks";
				PRODUCT_BUNDLE_IDENTIFIER = "com.example.Overwatch-HelperUITests";
				PRODUCT_NAME = "$(TARGET_NAME)";
				SWIFT_VERSION = 3.0;
				TEST_TARGET_NAME = "Overwatch Helper";
			};
			name = Release;
		};
/* End XCBuildConfiguration section */

/* Begin XCConfigurationList section */
		C10C4F4B1E6C630300B0F67E /* Build configuration list for PBXProject "Overwatch Helper" */ = {
			isa = XCConfigurationList;
			buildConfigurations = (
				C10C4F761E6C630300B0F67E /* Debug */,
				C10C4F771E6C630300B0F67E /* Release */,
			);
			defaultConfigurationIsVisible = 0;
			defaultConfigurationName = Release;
		};
		C10C4F781E6C630300B0F67E /* Build configuration list for PBXNativeTarget "Overwatch Helper" */ = {
			isa = XCConfigurationList;
			buildConfigurations = (
				C10C4F791E6C630300B0F67E /* Debug */,
				C10C4F7A1E6C630300B0F67E /* Release */,
			);
			defaultConfigurationIsVisible = 0;
			defaultConfigurationName = Release;
		};
		C10C4F7B1E6C630300B0F67E /* Build configuration list for PBXNativeTarget "Overwatch HelperTests" */ = {
			isa = XCConfigurationList;
			buildConfigurations = (
				C10C4F7C1E6C630300B0F67E /* Debug */,
				C10C4F7D1E6C630300B0F67E /* Release */,
			);
			defaultConfigurationIsVisible = 0;
			defaultConfigurationName = Release;
		};
		C10C4F7E1E6C630300B0F67E /* Build configuration list for PBXNativeTarget "Overwatch HelperUITests" */ = {
			isa = XCConfigurationList;
			buildConfigurations = (
				C10C4F7F1E6C630300B0F67E /* Debug */,
				C10C4F801E6C630300B0F67E /* Release */,
			);
			defaultConfigurationIsVisible = 0;
			defaultConfigurationName = Release;
		};
/* End XCConfigurationList section */
	};
	rootObject = C10C4F481E6C630300B0F67E /* Project object */;
}
